
Microsoft Visual Studio Solution File, Format Version 12.00
# Visual Studio Version 16
VisualStudioVersion = 16.0.31727.386
MinimumVisualStudioVersion = 10.0.40219.1
Project("{9A19103F-16F7-4668-BE54-9A1E7A4F7556}") = "GhostHunter", "GhostHunter\GhostHunter.csproj", "{30EB556F-CE7E-4CB5-B5A5-A1C23B1A18B2}"
EndProject
Project("{2150E333-8FDC-42A3-9474-1A3956D46DE8}") = "Solution Items", "Solution Items", "{5D252FC0-2149-4AC9-889A-16DA0350FA2D}"
	ProjectSection(SolutionItems) = preProject
		Maps\L00.txt = Maps\L00.txt
		spec.pdf = spec.pdf
		Maps\starter_background.png = Maps\starter_background.png
	EndProjectSection
EndProject
Global
	GlobalSection(SolutionConfigurationPlatforms) = preSolution
		Debug|Any CPU = Debug|Any CPU
		Release|Any CPU = Release|Any CPU
	EndGlobalSection
	GlobalSection(ProjectConfigurationPlatforms) = postSolution
		{30EB556F-CE7E-4CB5-B5A5-A1C23B1A18B2}.Debug|Any CPU.ActiveCfg = Debug|Any CPU
		{30EB556F-CE7E-4CB5-B5A5-A1C23B1A18B2}.Debug|Any CPU.Build.0 = Debug|Any CPU
		{30EB556F-CE7E-4CB5-B5A5-A1C23B1A18B2}.Release|Any CPU.ActiveCfg = Release|Any CPU
		{30EB556F-CE7E-4CB5-B5A5-A1C23B1A18B2}.Release|Any CPU.Build.0 = Release|Any CPU
	EndGlobalSection
	GlobalSection(SolutionProperties) = preSolution
		HideSolutionNode = FALSE
	EndGlobalSection
	GlobalSection(ExtensibilityGlobals) = postSolution
		SolutionGuid = {3603AB6C-7037-445A-9D94-0316A0ECE40E}
	EndGlobalSection
EndGlobal
